
Microsoft Visual Studio Solution File, Format Version 12.00
# Visual Studio 15
Project("{FAE04EC0-301F-11D3-BF4B-00C04F79EFBC}") = "Assembly-CSharp-firstpass", "Assembly-CSharp-firstpass.csproj", "{FAB296B3-2071-6EE8-2AA1-953D67CADF81}"
EndProject
Project("{FAE04EC0-301F-11D3-BF4B-00C04F79EFBC}") = "Assembly-CSharp", "Assembly-CSharp.csproj", "{6D6FB4CB-1FA1-73F9-75F8-4996959E52E4}"
EndProject
Project("{FAE04EC0-301F-11D3-BF4B-00C04F79EFBC}") = "Assembly-CSharp-Editor", "Assembly-CSharp-Editor.csproj", "{ACE1D3B0-B15E-35EC-5503-CEFE5111CF1A}"
EndProject
Project("{FAE04EC0-301F-11D3-BF4B-00C04F79EFBC}") = "Assembly-CSharp-Editor-firstpass", "Assembly-CSharp-Editor-firstpass.csproj", "{8B9F1D70-4544-DBB2-9246-48369BCFD6CB}"
EndProject
Global
	GlobalSection(SolutionConfigurationPlatforms) = preSolution
		Debug|Any CPU = Debug|Any CPU
		Release|Any CPU = Release|Any CPU
	EndGlobalSection
	GlobalSection(ProjectConfigurationPlatforms) = postSolution
		{FAB296B3-2071-6EE8-2AA1-953D67CADF81}.Debug|Any CPU.ActiveCfg = Debug|Any CPU
		{FAB296B3-2071-6EE8-2AA1-953D67CADF81}.Debug|Any CPU.Build.0 = Debug|Any CPU
		{FAB296B3-2071-6EE8-2AA1-953D67CADF81}.Release|Any CPU.ActiveCfg = Release|Any CPU
		{FAB296B3-2071-6EE8-2AA1-953D67CADF81}.Release|Any CPU.Build.0 = Release|Any CPU
		{6D6FB4CB-1FA1-73F9-75F8-4996959E52E4}.Debug|Any CPU.ActiveCfg = Debug|Any CPU
		{6D6FB4CB-1FA1-73F9-75F8-4996959E52E4}.Debug|Any CPU.Build.0 = Debug|Any CPU
		{6D6FB4CB-1FA1-73F9-75F8-4996959E52E4}.Release|Any CPU.ActiveCfg = Release|Any CPU
		{6D6FB4CB-1FA1-73F9-75F8-4996959E52E4}.Release|Any CPU.Build.0 = Release|Any CPU
		{ACE1D3B0-B15E-35EC-5503-CEFE5111CF1A}.Debug|Any CPU.ActiveCfg = Debug|Any CPU
		{ACE1D3B0-B15E-35EC-5503-CEFE5111CF1A}.Debug|Any CPU.Build.0 = Debug|Any CPU
		{ACE1D3B0-B15E-35EC-5503-CEFE5111CF1A}.Release|Any CPU.ActiveCfg = Release|Any CPU
		{ACE1D3B0-B15E-35EC-5503-CEFE5111CF1A}.Release|Any CPU.Build.0 = Release|Any CPU
		{8B9F1D70-4544-DBB2-9246-48369BCFD6CB}.Debug|Any CPU.ActiveCfg = Debug|Any CPU
		{8B9F1D70-4544-DBB2-9246-48369BCFD6CB}.Debug|Any CPU.Build.0 = Debug|Any CPU
		{8B9F1D70-4544-DBB2-9246-48369BCFD6CB}.Release|Any CPU.ActiveCfg = Release|Any CPU
		{8B9F1D70-4544-DBB2-9246-48369BCFD6CB}.Release|Any CPU.Build.0 = Release|Any CPU
	EndGlobalSection
	GlobalSection(SolutionProperties) = preSolution
		HideSolutionNode = FALSE
	EndGlobalSection
EndGlobal
