
Microsoft Visual Studio Solution File, Format Version 12.00
# Visual Studio 15
Project("{FAE04EC0-301F-11D3-BF4B-00C04F79EFBC}") = "Assembly-CSharp-firstpass", "Assembly-CSharp-firstpass.csproj", "{C829D5B8-73D6-F53D-0A8F-8BA3F62705C8}"
EndProject
Project("{FAE04EC0-301F-11D3-BF4B-00C04F79EFBC}") = "Assembly-CSharp", "Assembly-CSharp.csproj", "{328C4F50-DEE5-4B6C-D935-87BAF6981770}"
EndProject
Project("{FAE04EC0-301F-11D3-BF4B-00C04F79EFBC}") = "Assembly-CSharp-Editor", "Assembly-CSharp-Editor.csproj", "{585AA485-0F94-D895-17E8-3ECF6A5F5E14}"
EndProject
Project("{FAE04EC0-301F-11D3-BF4B-00C04F79EFBC}") = "Assembly-CSharp-Editor-firstpass", "Assembly-CSharp-Editor-firstpass.csproj", "{73DFE41E-379D-484C-2BA4-D901A09BA5EF}"
EndProject
Global
	GlobalSection(SolutionConfigurationPlatforms) = preSolution
		Debug|Any CPU = Debug|Any CPU
		Release|Any CPU = Release|Any CPU
	EndGlobalSection
	GlobalSection(ProjectConfigurationPlatforms) = postSolution
		{C829D5B8-73D6-F53D-0A8F-8BA3F62705C8}.Debug|Any CPU.ActiveCfg = Debug|Any CPU
		{C829D5B8-73D6-F53D-0A8F-8BA3F62705C8}.Debug|Any CPU.Build.0 = Debug|Any CPU
		{C829D5B8-73D6-F53D-0A8F-8BA3F62705C8}.Release|Any CPU.ActiveCfg = Release|Any CPU
		{C829D5B8-73D6-F53D-0A8F-8BA3F62705C8}.Release|Any CPU.Build.0 = Release|Any CPU
		{328C4F50-DEE5-4B6C-D935-87BAF6981770}.Debug|Any CPU.ActiveCfg = Debug|Any CPU
		{328C4F50-DEE5-4B6C-D935-87BAF6981770}.Debug|Any CPU.Build.0 = Debug|Any CPU
		{328C4F50-DEE5-4B6C-D935-87BAF6981770}.Release|Any CPU.ActiveCfg = Release|Any CPU
		{328C4F50-DEE5-4B6C-D935-87BAF6981770}.Release|Any CPU.Build.0 = Release|Any CPU
		{585AA485-0F94-D895-17E8-3ECF6A5F5E14}.Debug|Any CPU.ActiveCfg = Debug|Any CPU
		{585AA485-0F94-D895-17E8-3ECF6A5F5E14}.Debug|Any CPU.Build.0 = Debug|Any CPU
		{585AA485-0F94-D895-17E8-3ECF6A5F5E14}.Release|Any CPU.ActiveCfg = Release|Any CPU
		{585AA485-0F94-D895-17E8-3ECF6A5F5E14}.Release|Any CPU.Build.0 = Release|Any CPU
		{73DFE41E-379D-484C-2BA4-D901A09BA5EF}.Debug|Any CPU.ActiveCfg = Debug|Any CPU
		{73DFE41E-379D-484C-2BA4-D901A09BA5EF}.Debug|Any CPU.Build.0 = Debug|Any CPU
		{73DFE41E-379D-484C-2BA4-D901A09BA5EF}.Release|Any CPU.ActiveCfg = Release|Any CPU
		{73DFE41E-379D-484C-2BA4-D901A09BA5EF}.Release|Any CPU.Build.0 = Release|Any CPU
	EndGlobalSection
	GlobalSection(SolutionProperties) = preSolution
		HideSolutionNode = FALSE
	EndGlobalSection
EndGlobal
